
Microsoft Visual Studio Solution File, Format Version 12.00
# Visual Studio Version 17
VisualStudioVersion = 17.2.32516.85
MinimumVisualStudioVersion = 10.0.40219.1
Project("{9A19103F-16F7-4668-BE54-9A1E7A4F7556}") = "FindAndReplace", "FindAndReplace\FindAndReplace.csproj", "{11435F5D-724A-43C0-93E1-A2D655C155D1}"
EndProject
Project("{9A19103F-16F7-4668-BE54-9A1E7A4F7556}") = "FindAndReplaceLib", "FindAndReplaceLib\FindAndReplaceLib.csproj", "{A09F137A-FC34-4946-A453-4BC8EFEB1CD7}"
EndProject
Project("{FAE04EC0-301F-11D3-BF4B-00C04F79EFBC}") = "FindAndReplaceInFiles", "FindAndReplaceInFiles\FindAndReplaceInFiles.csproj", "{8967EE7F-0B91-4D4B-B27F-0E3C09AAB5F2}"
EndProject
Global
	GlobalSection(SolutionConfigurationPlatforms) = preSolution
		Debug|Any CPU = Debug|Any CPU
		Release|Any CPU = Release|Any CPU
	EndGlobalSection
	GlobalSection(ProjectConfigurationPlatforms) = postSolution
		{11435F5D-724A-43C0-93E1-A2D655C155D1}.Debug|Any CPU.ActiveCfg = Debug|Any CPU
		{11435F5D-724A-43C0-93E1-A2D655C155D1}.Debug|Any CPU.Build.0 = Debug|Any CPU
		{11435F5D-724A-43C0-93E1-A2D655C155D1}.Release|Any CPU.ActiveCfg = Release|Any CPU
		{11435F5D-724A-43C0-93E1-A2D655C155D1}.Release|Any CPU.Build.0 = Release|Any CPU
		{A09F137A-FC34-4946-A453-4BC8EFEB1CD7}.Debug|Any CPU.ActiveCfg = Debug|Any CPU
		{A09F137A-FC34-4946-A453-4BC8EFEB1CD7}.Debug|Any CPU.Build.0 = Debug|Any CPU
		{A09F137A-FC34-4946-A453-4BC8EFEB1CD7}.Release|Any CPU.ActiveCfg = Release|Any CPU
		{A09F137A-FC34-4946-A453-4BC8EFEB1CD7}.Release|Any CPU.Build.0 = Release|Any CPU
		{8967EE7F-0B91-4D4B-B27F-0E3C09AAB5F2}.Debug|Any CPU.ActiveCfg = Debug|Any CPU
		{8967EE7F-0B91-4D4B-B27F-0E3C09AAB5F2}.Debug|Any CPU.Build.0 = Debug|Any CPU
		{8967EE7F-0B91-4D4B-B27F-0E3C09AAB5F2}.Release|Any CPU.ActiveCfg = Release|Any CPU
		{8967EE7F-0B91-4D4B-B27F-0E3C09AAB5F2}.Release|Any CPU.Build.0 = Release|Any CPU
	EndGlobalSection
	GlobalSection(SolutionProperties) = preSolution
		HideSolutionNode = FALSE
	EndGlobalSection
	GlobalSection(ExtensibilityGlobals) = postSolution
		SolutionGuid = {157C04D2-819E-49F2-A80F-24756D8A9DA0}
	EndGlobalSection
EndGlobal
